// !$*UTF8*$!
{
	archiveVersion = 1;
	classes = {
	};
	objectVersion = 51;
	objects = {

/* Begin PBXBuildFile section */
		2BC7B4ABF0E20E83660CB9CA /* Pods_sideMenuBar.framework in Frameworks */ = {isa = PBXBuildFile; fileRef = 63498C082BC428570C34C505 /* Pods_sideMenuBar.framework */; };
		D6889CF62655B9480072C715 /* AppDelegate.swift in Sources */ = {isa = PBXBuildFile; fileRef = D6889CF52655B9480072C715 /* AppDelegate.swift */; };
		D6889CF82655B9480072C715 /* SceneDelegate.swift in Sources */ = {isa = PBXBuildFile; fileRef = D6889CF72655B9480072C715 /* SceneDelegate.swift */; };
		D6889CFA2655B9480072C715 /* ViewController.swift in Sources */ = {isa = PBXBuildFile; fileRef = D6889CF92655B9480072C715 /* ViewController.swift */; };
		D6889CFD2655B9480072C715 /* Main.storyboard in Resources */ = {isa = PBXBuildFile; fileRef = D6889CFB2655B9480072C715 /* Main.storyboard */; };
		D6889CFF2655B94C0072C715 /* Assets.xcassets in Resources */ = {isa = PBXBuildFile; fileRef = D6889CFE2655B94C0072C715 /* Assets.xcassets */; };
		D6889D022655B94C0072C715 /* LaunchScreen.storyboard in Resources */ = {isa = PBXBuildFile; fileRef = D6889D002655B94C0072C715 /* LaunchScreen.storyboard */; };
		D6889D0E2655C79D0072C715 /* MenuViewController.swift in Sources */ = {isa = PBXBuildFile; fileRef = D6889D0D2655C79C0072C715 /* MenuViewController.swift */; };
		D6889D112655C8170072C715 /* InfoViewController.swift in Sources */ = {isa = PBXBuildFile; fileRef = D6889D102655C8170072C715 /* InfoViewController.swift */; };
		D6889D142655C8230072C715 /* SettingsViewController.swift in Sources */ = {isa = PBXBuildFile; fileRef = D6889D132655C8230072C715 /* SettingsViewController.swift */; };
/* End PBXBuildFile section */

/* Begin PBXFileReference section */
		63498C082BC428570C34C505 /* Pods_sideMenuBar.framework */ = {isa = PBXFileReference; explicitFileType = wrapper.framework; includeInIndex = 0; path = Pods_sideMenuBar.framework; sourceTree = BUILT_PRODUCTS_DIR; };
		D6889CF22655B9480072C715 /* sideMenuBar.app */ = {isa = PBXFileReference; explicitFileType = wrapper.application; includeInIndex = 0; path = sideMenuBar.app; sourceTree = BUILT_PRODUCTS_DIR; };
		D6889CF52655B9480072C715 /* AppDelegate.swift */ = {isa = PBXFileReference; lastKnownFileType = sourcecode.swift; path = AppDelegate.swift; sourceTree = "<group>"; };
		D6889CF72655B9480072C715 /* SceneDelegate.swift */ = {isa = PBXFileReference; lastKnownFileType = sourcecode.swift; path = SceneDelegate.swift; sourceTree = "<group>"; };
		D6889CF92655B9480072C715 /* ViewController.swift */ = {isa = PBXFileReference; lastKnownFileType = sourcecode.swift; path = ViewController.swift; sourceTree = "<group>"; };
		D6889CFC2655B9480072C715 /* Base */ = {isa = PBXFileReference; lastKnownFileType = file.storyboard; name = Base; path = Base.lproj/Main.storyboard; sourceTree = "<group>"; };
		D6889CFE2655B94C0072C715 /* Assets.xcassets */ = {isa = PBXFileReference; lastKnownFileType = folder.assetcatalog; path = Assets.xcassets; sourceTree = "<group>"; };
		D6889D012655B94C0072C715 /* Base */ = {isa = PBXFileReference; lastKnownFileType = file.storyboard; name = Base; path = Base.lproj/LaunchScreen.storyboard; sourceTree = "<group>"; };
		D6889D032655B94C0072C715 /* Info.plist */ = {isa = PBXFileReference; lastKnownFileType = text.plist.xml; path = Info.plist; sourceTree = "<group>"; };
		D6889D0D2655C79C0072C715 /* MenuViewController.swift */ = {isa = PBXFileReference; lastKnownFileType = sourcecode.swift; path = MenuViewController.swift; sourceTree = "<group>"; };
		D6889D102655C8170072C715 /* InfoViewController.swift */ = {isa = PBXFileReference; lastKnownFileType = sourcecode.swift; path = InfoViewController.swift; sourceTree = "<group>"; };
		D6889D132655C8230072C715 /* SettingsViewController.swift */ = {isa = PBXFileReference; lastKnownFileType = sourcecode.swift; path = SettingsViewController.swift; sourceTree = "<group>"; };
		E8A5514D16FB5DFC95AFD2C4 /* Pods-sideMenuBar.debug.xcconfig */ = {isa = PBXFileReference; includeInIndex = 1; lastKnownFileType = text.xcconfig; name = "Pods-sideMenuBar.debug.xcconfig"; path = "Target Support Files/Pods-sideMenuBar/Pods-sideMenuBar.debug.xcconfig"; sourceTree = "<group>"; };
		FE2A88212101C2C3BE352EAB /* Pods-sideMenuBar.release.xcconfig */ = {isa = PBXFileReference; includeInIndex = 1; lastKnownFileType = text.xcconfig; name = "Pods-sideMenuBar.release.xcconfig"; path = "Target Support Files/Pods-sideMenuBar/Pods-sideMenuBar.release.xcconfig"; sourceTree = "<group>"; };
/* End PBXFileReference section */

/* Begin PBXFrameworksBuildPhase section */
		D6889CEF2655B9480072C715 /* Frameworks */ = {
			isa = PBXFrameworksBuildPhase;
			buildActionMask = 2147483647;
			files = (
				2BC7B4ABF0E20E83660CB9CA /* Pods_sideMenuBar.framework in Frameworks */,
			);
			runOnlyForDeploymentPostprocessing = 0;
		};
/* End PBXFrameworksBuildPhase section */

/* Begin PBXGroup section */
		28B8E173F070126C2FAEFE64 /* Pods */ = {
			isa = PBXGroup;
			children = (
				E8A5514D16FB5DFC95AFD2C4 /* Pods-sideMenuBar.debug.xcconfig */,
				FE2A88212101C2C3BE352EAB /* Pods-sideMenuBar.release.xcconfig */,
			);
			path = Pods;
			sourceTree = "<group>";
		};
		D6889CE92655B9480072C715 = {
			isa = PBXGroup;
			children = (
				D6889CF42655B9480072C715 /* sideMenuBar */,
				D6889CF32655B9480072C715 /* Products */,
				28B8E173F070126C2FAEFE64 /* Pods */,
				FDAFDEB95FC356E4186986F0 /* Frameworks */,
			);
			sourceTree = "<group>";
		};
		D6889CF32655B9480072C715 /* Products */ = {
			isa = PBXGroup;
			children = (
				D6889CF22655B9480072C715 /* sideMenuBar.app */,
			);
			name = Products;
			sourceTree = "<group>";
		};
		D6889CF42655B9480072C715 /* sideMenuBar */ = {
			isa = PBXGroup;
			children = (
				D6889CF52655B9480072C715 /* AppDelegate.swift */,
				D6889CF72655B9480072C715 /* SceneDelegate.swift */,
				D6889CF92655B9480072C715 /* ViewController.swift */,
				D6889CFB2655B9480072C715 /* Main.storyboard */,
				D6889CFE2655B94C0072C715 /* Assets.xcassets */,
				D6889D002655B94C0072C715 /* LaunchScreen.storyboard */,
				D6889D032655B94C0072C715 /* Info.plist */,
				D6889D0D2655C79C0072C715 /* MenuViewController.swift */,
				D6889D102655C8170072C715 /* InfoViewController.swift */,
				D6889D132655C8230072C715 /* SettingsViewController.swift */,
			);
			path = sideMenuBar;
			sourceTree = "<group>";
		};
		FDAFDEB95FC356E4186986F0 /* Frameworks */ = {
			isa = PBXGroup;
			children = (
				63498C082BC428570C34C505 /* Pods_sideMenuBar.framework */,
			);
			name = Frameworks;
			sourceTree = "<group>";
		};
/* End PBXGroup section */

/* Begin PBXNativeTarget section */
		D6889CF12655B9480072C715 /* sideMenuBar */ = {
			isa = PBXNativeTarget;
			buildConfigurationList = D6889D062655B94C0072C715 /* Build configuration list for PBXNativeTarget "sideMenuBar" */;
			buildPhases = (
				BB484CD446191969C965D439 /* [CP] Check Pods Manifest.lock */,
				D6889CEE2655B9480072C715 /* Sources */,
				D6889CEF2655B9480072C715 /* Frameworks */,
				D6889CF02655B9480072C715 /* Resources */,
				8842DACE656E45C1B31064A6 /* [CP] Embed Pods Frameworks */,
			);
			buildRules = (
			);
			dependencies = (
			);
			name = sideMenuBar;
			productName = sideMenuBar;
			productReference = D6889CF22655B9480072C715 /* sideMenuBar.app */;
			productType = "com.apple.product-type.application";
		};
/* End PBXNativeTarget section */

/* Begin PBXProject section */
		D6889CEA2655B9480072C715 /* Project object */ = {
			isa = PBXProject;
			attributes = {
				LastSwiftUpdateCheck = 1220;
				LastUpgradeCheck = 1220;
				TargetAttributes = {
					D6889CF12655B9480072C715 = {
						CreatedOnToolsVersion = 12.2;
					};
				};
			};
			buildConfigurationList = D6889CED2655B9480072C715 /* Build configuration list for PBXProject "sideMenuBar" */;
			compatibilityVersion = "Xcode 9.3";
			developmentRegion = en;
			hasScannedForEncodings = 0;
			knownRegions = (
				en,
				Base,
			);
			mainGroup = D6889CE92655B9480072C715;
			productRefGroup = D6889CF32655B9480072C715 /* Products */;
			projectDirPath = "";
			projectRoot = "";
			targets = (
				D6889CF12655B9480072C715 /* sideMenuBar */,
			);
		};
/* End PBXProject section */

/* Begin PBXResourcesBuildPhase section */
		D6889CF02655B9480072C715 /* Resources */ = {
			isa = PBXResourcesBuildPhase;
			buildActionMask = 2147483647;
			files = (
				D6889D022655B94C0072C715 /* LaunchScreen.storyboard in Resources */,
				D6889CFF2655B94C0072C715 /* Assets.xcassets in Resources */,
				D6889CFD2655B9480072C715 /* Main.storyboard in Resources */,
			);
			runOnlyForDeploymentPostprocessing = 0;
		};
/* End PBXResourcesBuildPhase section */

/* Begin PBXShellScriptBuildPhase section */
		8842DACE656E45C1B31064A6 /* [CP] Embed Pods Frameworks */ = {
			isa = PBXShellScriptBuildPhase;
			buildActionMask = 2147483647;
			files = (
			);
			inputFileListPaths = (
				"${PODS_ROOT}/Target Support Files/Pods-sideMenuBar/Pods-sideMenuBar-frameworks-${CONFIGURATION}-input-files.xcfilelist",
			);
			name = "[CP] Embed Pods Frameworks";
			outputFileListPaths = (
				"${PODS_ROOT}/Target Support Files/Pods-sideMenuBar/Pods-sideMenuBar-frameworks-${CONFIGURATION}-output-files.xcfilelist",
			);
			runOnlyForDeploymentPostprocessing = 0;
			shellPath = /bin/sh;
			shellScript = "\"${PODS_ROOT}/Target Support Files/Pods-sideMenuBar/Pods-sideMenuBar-frameworks.sh\"\n";
			showEnvVarsInLog = 0;
		};
		BB484CD446191969C965D439 /* [CP] Check Pods Manifest.lock */ = {
			isa = PBXShellScriptBuildPhase;
			buildActionMask = 2147483647;
			files = (
			);
			inputFileListPaths = (
			);
			inputPaths = (
				"${PODS_PODFILE_DIR_PATH}/Podfile.lock",
				"${PODS_ROOT}/Manifest.lock",
			);
			name = "[CP] Check Pods Manifest.lock";
			outputFileListPaths = (
			);
			outputPaths = (
				"$(DERIVED_FILE_DIR)/Pods-sideMenuBar-checkManifestLockResult.txt",
			);
			runOnlyForDeploymentPostprocessing = 0;
			shellPath = /bin/sh;
			shellScript = "diff \"${PODS_PODFILE_DIR_PATH}/Podfile.lock\" \"${PODS_ROOT}/Manifest.lock\" > /dev/null\nif [ $? != 0 ] ; then\n    # print error to STDERR\n    echo \"error: The sandbox is not in sync with the Podfile.lock. Run 'pod install' or update your CocoaPods installation.\" >&2\n    exit 1\nfi\n# This output is used by Xcode 'outputs' to avoid re-running this script phase.\necho \"SUCCESS\" > \"${SCRIPT_OUTPUT_FILE_0}\"\n";
			showEnvVarsInLog = 0;
		};
/* End PBXShellScriptBuildPhase section */

/* Begin PBXSourcesBuildPhase section */
		D6889CEE2655B9480072C715 /* Sources */ = {
			isa = PBXSourcesBuildPhase;
			buildActionMask = 2147483647;
			files = (
				D6889CFA2655B9480072C715 /* ViewController.swift in Sources */,
				D6889CF62655B9480072C715 /* AppDelegate.swift in Sources */,
				D6889CF82655B9480072C715 /* SceneDelegate.swift in Sources */,
				D6889D0E2655C79D0072C715 /* MenuViewController.swift in Sources */,
				D6889D112655C8170072C715 /* InfoViewController.swift in Sources */,
				D6889D142655C8230072C715 /* SettingsViewController.swift in Sources */,
			);
			runOnlyForDeploymentPostprocessing = 0;
		};
/* End PBXSourcesBuildPhase section */

/* Begin PBXVariantGroup section */
		D6889CFB2655B9480072C715 /* Main.storyboard */ = {
			isa = PBXVariantGroup;
			children = (
				D6889CFC2655B9480072C715 /* Base */,
			);
			name = Main.storyboard;
			sourceTree = "<group>";
		};
		D6889D002655B94C0072C715 /* LaunchScreen.storyboard */ = {
			isa = PBXVariantGroup;
			children = (
				D6889D012655B94C0072C715 /* Base */,
			);
			name = LaunchScreen.storyboard;
			sourceTree = "<group>";
		};
/* End PBXVariantGroup section */

/* Begin XCBuildConfiguration section */
		D6889D042655B94C0072C715 /* Debug */ = {
			isa = XCBuildConfiguration;
			buildSettings = {
				ALWAYS_SEARCH_USER_PATHS = NO;
				CLANG_ANALYZER_NONNULL = YES;
				CLANG_ANALYZER_NUMBER_OBJECT_CONVERSION = YES_AGGRESSIVE;
				CLANG_CXX_LANGUAGE_STANDARD = "gnu++14";
				CLANG_CXX_LIBRARY = "libc++";
				CLANG_ENABLE_MODULES = YES;
				CLANG_ENABLE_OBJC_ARC = YES;
				CLANG_ENABLE_OBJC_WEAK = YES;
				CLANG_WARN_BLOCK_CAPTURE_AUTORELEASING = YES;
				CLANG_WARN_BOOL_CONVERSION = YES;
				CLANG_WARN_COMMA = YES;
				CLANG_WARN_CONSTANT_CONVERSION = YES;
				CLANG_WARN_DEPRECATED_OBJC_IMPLEMENTATIONS = YES;
				CLANG_WARN_DIRECT_OBJC_ISA_USAGE = YES_ERROR;
				CLANG_WARN_DOCUMENTATION_COMMENTS = YES;
				CLANG_WARN_EMPTY_BODY = YES;
				CLANG_WARN_ENUM_CONVERSION = YES;
				CLANG_WARN_INFINITE_RECURSION = YES;
				CLANG_WARN_INT_CONVERSION = YES;
				CLANG_WARN_NON_LITERAL_NULL_CONVERSION = YES;
				CLANG_WARN_OBJC_IMPLICIT_RETAIN_SELF = YES;
				CLANG_WARN_OBJC_LITERAL_CONVERSION = YES;
				CLANG_WARN_OBJC_ROOT_CLASS = YES_ERROR;
				CLANG_WARN_QUOTED_INCLUDE_IN_FRAMEWORK_HEADER = YES;
				CLANG_WARN_RANGE_LOOP_ANALYSIS = YES;
				CLANG_WARN_STRICT_PROTOTYPES = YES;
				CLANG_WARN_SUSPICIOUS_MOVE = YES;
				CLANG_WARN_UNGUARDED_AVAILABILITY = YES_AGGRESSIVE;
				CLANG_WARN_UNREACHABLE_CODE = YES;
				CLANG_WARN__DUPLICATE_METHOD_MATCH = YES;
				COPY_PHASE_STRIP = NO;
				DEBUG_INFORMATION_FORMAT = dwarf;
				ENABLE_STRICT_OBJC_MSGSEND = YES;
				ENABLE_TESTABILITY = YES;
				GCC_C_LANGUAGE_STANDARD = gnu11;
				GCC_DYNAMIC_NO_PIC = NO;
				GCC_NO_COMMON_BLOCKS = YES;
				GCC_OPTIMIZATION_LEVEL = 0;
				GCC_PREPROCESSOR_DEFINITIONS = (
					"DEBUG=1",
					"$(inherited)",
				);
				GCC_WARN_64_TO_32_BIT_CONVERSION = YES;
				GCC_WARN_ABOUT_RETURN_TYPE = YES_ERROR;
				GCC_WARN_UNDECLARED_SELECTOR = YES;
				GCC_WARN_UNINITIALIZED_AUTOS = YES_AGGRESSIVE;
				GCC_WARN_UNUSED_FUNCTION = YES;
				GCC_WARN_UNUSED_VARIABLE = YES;
				IPHONEOS_DEPLOYMENT_TARGET = 14.2;
				MTL_ENABLE_DEBUG_INFO = INCLUDE_SOURCE;
				MTL_FAST_MATH = YES;
				ONLY_ACTIVE_ARCH = YES;
				SDKROOT = iphoneos;
				SWIFT_ACTIVE_COMPILATION_CONDITIONS = DEBUG;
				SWIFT_OPTIMIZATION_LEVEL = "-Onone";
			};
			name = Debug;
		};
		D6889D052655B94C0072C715 /* Release */ = {
			isa = XCBuildConfiguration;
			buildSettings = {
				ALWAYS_SEARCH_USER_PATHS = NO;
				CLANG_ANALYZER_NONNULL = YES;
				CLANG_ANALYZER_NUMBER_OBJECT_CONVERSION = YES_AGGRESSIVE;
				CLANG_CXX_LANGUAGE_STANDARD = "gnu++14";
				CLANG_CXX_LIBRARY = "libc++";
				CLANG_ENABLE_MODULES = YES;
				CLANG_ENABLE_OBJC_ARC = YES;
				CLANG_ENABLE_OBJC_WEAK = YES;
				CLANG_WARN_BLOCK_CAPTURE_AUTORELEASING = YES;
				CLANG_WARN_BOOL_CONVERSION = YES;
				CLANG_WARN_COMMA = YES;
				CLANG_WARN_CONSTANT_CONVERSION = YES;
				CLANG_WARN_DEPRECATED_OBJC_IMPLEMENTATIONS = YES;
				CLANG_WARN_DIRECT_OBJC_ISA_USAGE = YES_ERROR;
				CLANG_WARN_DOCUMENTATION_COMMENTS = YES;
				CLANG_WARN_EMPTY_BODY = YES;
				CLANG_WARN_ENUM_CONVERSION = YES;
				CLANG_WARN_INFINITE_RECURSION = YES;
				CLANG_WARN_INT_CONVERSION = YES;
				CLANG_WARN_NON_LITERAL_NULL_CONVERSION = YES;
				CLANG_WARN_OBJC_IMPLICIT_RETAIN_SELF = YES;
				CLANG_WARN_OBJC_LITERAL_CONVERSION = YES;
				CLANG_WARN_OBJC_ROOT_CLASS = YES_ERROR;
				CLANG_WARN_QUOTED_INCLUDE_IN_FRAMEWORK_HEADER = YES;
				CLANG_WARN_RANGE_LOOP_ANALYSIS = YES;
				CLANG_WARN_STRICT_PROTOTYPES = YES;
				CLANG_WARN_SUSPICIOUS_MOVE = YES;
				CLANG_WARN_UNGUARDED_AVAILABILITY = YES_AGGRESSIVE;
				CLANG_WARN_UNREACHABLE_CODE = YES;
				CLANG_WARN__DUPLICATE_METHOD_MATCH = YES;
				COPY_PHASE_STRIP = NO;
				DEBUG_INFORMATION_FORMAT = "dwarf-with-dsym";
				ENABLE_NS_ASSERTIONS = NO;
				ENABLE_STRICT_OBJC_MSGSEND = YES;
				GCC_C_LANGUAGE_STANDARD = gnu11;
				GCC_NO_COMMON_BLOCKS = YES;
				GCC_WARN_64_TO_32_BIT_CONVERSION = YES;
				GCC_WARN_ABOUT_RETURN_TYPE = YES_ERROR;
				GCC_WARN_UNDECLARED_SELECTOR = YES;
				GCC_WARN_UNINITIALIZED_AUTOS = YES_AGGRESSIVE;
				GCC_WARN_UNUSED_FUNCTION = YES;
				GCC_WARN_UNUSED_VARIABLE = YES;
				IPHONEOS_DEPLOYMENT_TARGET = 14.2;
				MTL_ENABLE_DEBUG_INFO = NO;
				MTL_FAST_MATH = YES;
				SDKROOT = iphoneos;
				SWIFT_COMPILATION_MODE = wholemodule;
				SWIFT_OPTIMIZATION_LEVEL = "-O";
				VALIDATE_PRODUCT = YES;
			};
			name = Release;
		};
		D6889D072655B94C0072C715 /* Debug */ = {
			isa = XCBuildConfiguration;
			baseConfigurationReference = E8A5514D16FB5DFC95AFD2C4 /* Pods-sideMenuBar.debug.xcconfig */;
			buildSettings = {
				ASSETCATALOG_COMPILER_APPICON_NAME = AppIcon;
				ASSETCATALOG_COMPILER_GLOBAL_ACCENT_COLOR_NAME = AccentColor;
				CODE_SIGN_STYLE = Automatic;
				INFOPLIST_FILE = sideMenuBar/Info.plist;
				LD_RUNPATH_SEARCH_PATHS = (
					"$(inherited)",
					"@executable_path/Frameworks",
				);
				PRODUCT_BUNDLE_IDENTIFIER = sideMenuBar.americo.com.sideMenuBar;
				PRODUCT_NAME = "$(TARGET_NAME)";
				SWIFT_VERSION = 5.0;
				TARGETED_DEVICE_FAMILY = "1,2";
			};
			name = Debug;
		};
		D6889D082655B94C0072C715 /* Release */ = {
			isa = XCBuildConfiguration;
			baseConfigurationReference = FE2A88212101C2C3BE352EAB /* Pods-sideMenuBar.release.xcconfig */;
			buildSettings = {
				ASSETCATALOG_COMPILER_APPICON_NAME = AppIcon;
				ASSETCATALOG_COMPILER_GLOBAL_ACCENT_COLOR_NAME = AccentColor;
				CODE_SIGN_STYLE = Automatic;
				INFOPLIST_FILE = sideMenuBar/Info.plist;
				LD_RUNPATH_SEARCH_PATHS = (
					"$(inherited)",
					"@executable_path/Frameworks",
				);
				PRODUCT_BUNDLE_IDENTIFIER = sideMenuBar.americo.com.sideMenuBar;
				PRODUCT_NAME = "$(TARGET_NAME)";
				SWIFT_VERSION = 5.0;
				TARGETED_DEVICE_FAMILY = "1,2";
			};
			name = Release;
		};
/* End XCBuildConfiguration section */

/* Begin XCConfigurationList section */
		D6889CED2655B9480072C715 /* Build configuration list for PBXProject "sideMenuBar" */ = {
			isa = XCConfigurationList;
			buildConfigurations = (
				D6889D042655B94C0072C715 /* Debug */,
				D6889D052655B94C0072C715 /* Release */,
			);
			defaultConfigurationIsVisible = 0;
			defaultConfigurationName = Release;
		};
		D6889D062655B94C0072C715 /* Build configuration list for PBXNativeTarget "sideMenuBar" */ = {
			isa = XCConfigurationList;
			buildConfigurations = (
				D6889D072655B94C0072C715 /* Debug */,
				D6889D082655B94C0072C715 /* Release */,
			);
			defaultConfigurationIsVisible = 0;
			defaultConfigurationName = Release;
		};
/* End XCConfigurationList section */
	};
	rootObject = D6889CEA2655B9480072C715 /* Project object */;
}
